// !$*UTF8*$!
{
	archiveVersion = 1;
	classes = {
	};
	objectVersion = 46;
	objects = {

/* Begin PBXBuildFile section */
		8FA74B161ABE6C6C000DEFAC /* GoogleMobileAds.framework in Frameworks */ = {isa = PBXBuildFile; fileRef = 8FA74B151ABE6C6C000DEFAC /* GoogleMobileAds.framework */; };
		8FA74B221ABE6F2D000DEFAC /* AirButton.m in Sources */ = {isa = PBXBuildFile; fileRef = 8FA74B191ABE6F2D000DEFAC /* AirButton.m */; };
		8FA74B231ABE6F2D000DEFAC /* AirImageView.m in Sources */ = {isa = PBXBuildFile; fileRef = 8FA74B1B1ABE6F2D000DEFAC /* AirImageView.m */; };
		8FA74B241ABE6F2D000DEFAC /* AirTextField.m in Sources */ = {isa = PBXBuildFile; fileRef = 8FA74B1D1ABE6F2D000DEFAC /* AirTextField.m */; };
		8FA74B251ABE6F2D000DEFAC /* AirTextView.m in Sources */ = {isa = PBXBuildFile; fileRef = 8FA74B1F1ABE6F2D000DEFAC /* AirTextView.m */; };
		8FA74B261ABE6F2D000DEFAC /* AirView.m in Sources */ = {isa = PBXBuildFile; fileRef = 8FA74B211ABE6F2D000DEFAC /* AirView.m */; };
		8FA74B281ABE7086000DEFAC /* StoreKit.framework in Frameworks */ = {isa = PBXBuildFile; fileRef = 8FA74B271ABE7086000DEFAC /* StoreKit.framework */; };
		8FA74B2B1ABE710E000DEFAC /* MainCollectionViewCell.m in Sources */ = {isa = PBXBuildFile; fileRef = 8FA74B2A1ABE710E000DEFAC /* MainCollectionViewCell.m */; };
		8FFA195A19FB6D1A003B8124 /* main.m in Sources */ = {isa = PBXBuildFile; fileRef = 8FFA195919FB6D1A003B8124 /* main.m */; };
		8FFA195D19FB6D1A003B8124 /* AppDelegate.m in Sources */ = {isa = PBXBuildFile; fileRef = 8FFA195C19FB6D1A003B8124 /* AppDelegate.m */; };
		8FFA196519FB6D1A003B8124 /* Images.xcassets in Resources */ = {isa = PBXBuildFile; fileRef = 8FFA196419FB6D1A003B8124 /* Images.xcassets */; };
		8FFA197419FB6D1A003B8124 /* ID_CheckerTests.m in Sources */ = {isa = PBXBuildFile; fileRef = 8FFA197319FB6D1A003B8124 /* ID_CheckerTests.m */; };
		8FFA198119FB6D46003B8124 /* HK.plist in Resources */ = {isa = PBXBuildFile; fileRef = 8FFA197D19FB6D46003B8124 /* HK.plist */; };
		8FFA198219FB6D46003B8124 /* CN.plist in Resources */ = {isa = PBXBuildFile; fileRef = 8FFA197E19FB6D46003B8124 /* CN.plist */; };
		8FFA198319FB6D46003B8124 /* TW.plist in Resources */ = {isa = PBXBuildFile; fileRef = 8FFA197F19FB6D46003B8124 /* TW.plist */; };
		8FFA198419FB6D46003B8124 /* countryList.plist in Resources */ = {isa = PBXBuildFile; fileRef = 8FFA198019FB6D46003B8124 /* countryList.plist */; };
		8FFA198619FB6DCB003B8124 /* Main.storyboard in Resources */ = {isa = PBXBuildFile; fileRef = 8FFA198519FB6DCB003B8124 /* Main.storyboard */; };
		8FFA198B19FB6E07003B8124 /* MenuViewController.m in Sources */ = {isa = PBXBuildFile; fileRef = 8FFA198819FB6E07003B8124 /* MenuViewController.m */; };
		8FFA198C19FB6E07003B8124 /* ContentViewController.m in Sources */ = {isa = PBXBuildFile; fileRef = 8FFA198A19FB6E07003B8124 /* ContentViewController.m */; };
		8FFA198E19FB6E72003B8124 /* Foundation.framework in Frameworks */ = {isa = PBXBuildFile; fileRef = 8FFA198D19FB6E72003B8124 /* Foundation.framework */; };
		8FFA199019FB6E7F003B8124 /* CoreGraphics.framework in Frameworks */ = {isa = PBXBuildFile; fileRef = 8FFA198F19FB6E7F003B8124 /* CoreGraphics.framework */; };
		8FFA199219FB6E85003B8124 /* UIKit.framework in Frameworks */ = {isa = PBXBuildFile; fileRef = 8FFA199119FB6E85003B8124 /* UIKit.framework */; };
		8FFA19BC19FB8356003B8124 /* AdSupport.framework in Frameworks */ = {isa = PBXBuildFile; fileRef = 8FFA19BB19FB8356003B8124 /* AdSupport.framework */; };
		8FFA19BE19FB8383003B8124 /* AudioToolbox.framework in Frameworks */ = {isa = PBXBuildFile; fileRef = 8FFA19BD19FB8383003B8124 /* AudioToolbox.framework */; };
		8FFA19C019FB8391003B8124 /* AVFoundation.framework in Frameworks */ = {isa = PBXBuildFile; fileRef = 8FFA19BF19FB8391003B8124 /* AVFoundation.framework */; };
		8FFA19C419FB83A3003B8124 /* SystemConfiguration.framework in Frameworks */ = {isa = PBXBuildFile; fileRef = 8FFA19C319FB83A3003B8124 /* SystemConfiguration.framework */; };
		8FFA19C719FB8539003B8124 /* MessageUI.framework in Frameworks */ = {isa = PBXBuildFile; fileRef = 8FFA19C519FB851E003B8124 /* MessageUI.framework */; };
		8FFA19CF19FB87A7003B8124 /* CoreTelephony.framework in Frameworks */ = {isa = PBXBuildFile; fileRef = 8FFA19CE19FB87A7003B8124 /* CoreTelephony.framework */; };
		8FFA19D019FB87AE003B8124 /* EventKit.framework in Frameworks */ = {isa = PBXBuildFile; fileRef = 8FFA19CA19FB859B003B8124 /* EventKit.framework */; };
		8FFA19D119FB87AE003B8124 /* EventKitUI.framework in Frameworks */ = {isa = PBXBuildFile; fileRef = 8FFA19CB19FB859B003B8124 /* EventKitUI.framework */; };
		8FFA19D219FB8A82003B8124 /* iAd.framework in Frameworks */ = {isa = PBXBuildFile; fileRef = 8FFA199319FB6E8D003B8124 /* iAd.framework */; };
/* End PBXBuildFile section */

/* Begin PBXContainerItemProxy section */
		8FFA196E19FB6D1A003B8124 /* PBXContainerItemProxy */ = {
			isa = PBXContainerItemProxy;
			containerPortal = 8FFA194C19FB6D1A003B8124 /* Project object */;
			proxyType = 1;
			remoteGlobalIDString = 8FFA195319FB6D1A003B8124;
			remoteInfo = "ID-Checker";
		};
/* End PBXContainerItemProxy section */

/* Begin PBXFileReference section */
		8FA74B151ABE6C6C000DEFAC /* GoogleMobileAds.framework */ = {isa = PBXFileReference; lastKnownFileType = wrapper.framework; path = GoogleMobileAds.framework; sourceTree = "<group>"; };
		8FA74B181ABE6F2D000DEFAC /* AirButton.h */ = {isa = PBXFileReference; fileEncoding = 4; lastKnownFileType = sourcecode.c.h; path = AirButton.h; sourceTree = "<group>"; };
		8FA74B191ABE6F2D000DEFAC /* AirButton.m */ = {isa = PBXFileReference; fileEncoding = 4; lastKnownFileType = sourcecode.c.objc; path = AirButton.m; sourceTree = "<group>"; };
		8FA74B1A1ABE6F2D000DEFAC /* AirImageView.h */ = {isa = PBXFileReference; fileEncoding = 4; lastKnownFileType = sourcecode.c.h; path = AirImageView.h; sourceTree = "<group>"; };
		8FA74B1B1ABE6F2D000DEFAC /* AirImageView.m */ = {isa = PBXFileReference; fileEncoding = 4; lastKnownFileType = sourcecode.c.objc; path = AirImageView.m; sourceTree = "<group>"; };
		8FA74B1C1ABE6F2D000DEFAC /* AirTextField.h */ = {isa = PBXFileReference; fileEncoding = 4; lastKnownFileType = sourcecode.c.h; path = AirTextField.h; sourceTree = "<group>"; };
		8FA74B1D1ABE6F2D000DEFAC /* AirTextField.m */ = {isa = PBXFileReference; fileEncoding = 4; lastKnownFileType = sourcecode.c.objc; path = AirTextField.m; sourceTree = "<group>"; };
		8FA74B1E1ABE6F2D000DEFAC /* AirTextView.h */ = {isa = PBXFileReference; fileEncoding = 4; lastKnownFileType = sourcecode.c.h; path = AirTextView.h; sourceTree = "<group>"; };
		8FA74B1F1ABE6F2D000DEFAC /* AirTextView.m */ = {isa = PBXFileReference; fileEncoding = 4; lastKnownFileType = sourcecode.c.objc; path = AirTextView.m; sourceTree = "<group>"; };
		8FA74B201ABE6F2D000DEFAC /* AIrView.h */ = {isa = PBXFileReference; fileEncoding = 4; lastKnownFileType = sourcecode.c.h; path = AIrView.h; sourceTree = "<group>"; };
		8FA74B211ABE6F2D000DEFAC /* AirView.m */ = {isa = PBXFileReference; fileEncoding = 4; lastKnownFileType = sourcecode.c.objc; path = AirView.m; sourceTree = "<group>"; };
		8FA74B271ABE7086000DEFAC /* StoreKit.framework */ = {isa = PBXFileReference; lastKnownFileType = wrapper.framework; name = StoreKit.framework; path = System/Library/Frameworks/StoreKit.framework; sourceTree = SDKROOT; };
		8FA74B291ABE710E000DEFAC /* MainCollectionViewCell.h */ = {isa = PBXFileReference; fileEncoding = 4; lastKnownFileType = sourcecode.c.h; path = MainCollectionViewCell.h; sourceTree = "<group>"; };
		8FA74B2A1ABE710E000DEFAC /* MainCollectionViewCell.m */ = {isa = PBXFileReference; fileEncoding = 4; lastKnownFileType = sourcecode.c.objc; path = MainCollectionViewCell.m; sourceTree = "<group>"; };
		8FFA195419FB6D1A003B8124 /* ID-Checker.app */ = {isa = PBXFileReference; explicitFileType = wrapper.application; includeInIndex = 0; path = "ID-Checker.app"; sourceTree = BUILT_PRODUCTS_DIR; };
		8FFA195819FB6D1A003B8124 /* Info.plist */ = {isa = PBXFileReference; lastKnownFileType = text.plist.xml; path = Info.plist; sourceTree = "<group>"; };
		8FFA195919FB6D1A003B8124 /* main.m */ = {isa = PBXFileReference; lastKnownFileType = sourcecode.c.objc; path = main.m; sourceTree = "<group>"; };
		8FFA195B19FB6D1A003B8124 /* AppDelegate.h */ = {isa = PBXFileReference; lastKnownFileType = sourcecode.c.h; path = AppDelegate.h; sourceTree = "<group>"; };
		8FFA195C19FB6D1A003B8124 /* AppDelegate.m */ = {isa = PBXFileReference; lastKnownFileType = sourcecode.c.objc; path = AppDelegate.m; sourceTree = "<group>"; };
		8FFA196419FB6D1A003B8124 /* Images.xcassets */ = {isa = PBXFileReference; lastKnownFileType = folder.assetcatalog; path = Images.xcassets; sourceTree = "<group>"; };
		8FFA196D19FB6D1A003B8124 /* ID-CheckerTests.xctest */ = {isa = PBXFileReference; explicitFileType = wrapper.cfbundle; includeInIndex = 0; path = "ID-CheckerTests.xctest"; sourceTree = BUILT_PRODUCTS_DIR; };
		8FFA197219FB6D1A003B8124 /* Info.plist */ = {isa = PBXFileReference; lastKnownFileType = text.plist.xml; path = Info.plist; sourceTree = "<group>"; };
		8FFA197319FB6D1A003B8124 /* ID_CheckerTests.m */ = {isa = PBXFileReference; lastKnownFileType = sourcecode.c.objc; path = ID_CheckerTests.m; sourceTree = "<group>"; };
		8FFA197D19FB6D46003B8124 /* HK.plist */ = {isa = PBXFileReference; fileEncoding = 4; lastKnownFileType = text.plist.xml; path = HK.plist; sourceTree = "<group>"; };
		8FFA197E19FB6D46003B8124 /* CN.plist */ = {isa = PBXFileReference; fileEncoding = 4; lastKnownFileType = text.plist.xml; path = CN.plist; sourceTree = "<group>"; };
		8FFA197F19FB6D46003B8124 /* TW.plist */ = {isa = PBXFileReference; fileEncoding = 4; lastKnownFileType = text.plist.xml; path = TW.plist; sourceTree = "<group>"; };
		8FFA198019FB6D46003B8124 /* countryList.plist */ = {isa = PBXFileReference; fileEncoding = 4; lastKnownFileType = text.plist.xml; path = countryList.plist; sourceTree = "<group>"; };
		8FFA198519FB6DCB003B8124 /* Main.storyboard */ = {isa = PBXFileReference; fileEncoding = 4; lastKnownFileType = file.storyboard; path = Main.storyboard; sourceTree = "<group>"; };
		8FFA198719FB6E07003B8124 /* MenuViewController.h */ = {isa = PBXFileReference; fileEncoding = 4; lastKnownFileType = sourcecode.c.h; path = MenuViewController.h; sourceTree = "<group>"; };
		8FFA198819FB6E07003B8124 /* MenuViewController.m */ = {isa = PBXFileReference; fileEncoding = 4; lastKnownFileType = sourcecode.c.objc; path = MenuViewController.m; sourceTree = "<group>"; };
		8FFA198919FB6E07003B8124 /* ContentViewController.h */ = {isa = PBXFileReference; fileEncoding = 4; lastKnownFileType = sourcecode.c.h; path = ContentViewController.h; sourceTree = "<group>"; };
		8FFA198A19FB6E07003B8124 /* ContentViewController.m */ = {isa = PBXFileReference; fileEncoding = 4; lastKnownFileType = sourcecode.c.objc; path = ContentViewController.m; sourceTree = "<group>"; };
		8FFA198D19FB6E72003B8124 /* Foundation.framework */ = {isa = PBXFileReference; lastKnownFileType = wrapper.framework; name = Foundation.framework; path = System/Library/Frameworks/Foundation.framework; sourceTree = SDKROOT; };
		8FFA198F19FB6E7F003B8124 /* CoreGraphics.framework */ = {isa = PBXFileReference; lastKnownFileType = wrapper.framework; name = CoreGraphics.framework; path = System/Library/Frameworks/CoreGraphics.framework; sourceTree = SDKROOT; };
		8FFA199119FB6E85003B8124 /* UIKit.framework */ = {isa = PBXFileReference; lastKnownFileType = wrapper.framework; name = UIKit.framework; path = System/Library/Frameworks/UIKit.framework; sourceTree = SDKROOT; };
		8FFA199319FB6E8D003B8124 /* iAd.framework */ = {isa = PBXFileReference; lastKnownFileType = wrapper.framework; name = iAd.framework; path = System/Library/Frameworks/iAd.framework; sourceTree = SDKROOT; };
		8FFA19BB19FB8356003B8124 /* AdSupport.framework */ = {isa = PBXFileReference; lastKnownFileType = wrapper.framework; name = AdSupport.framework; path = System/Library/Frameworks/AdSupport.framework; sourceTree = SDKROOT; };
		8FFA19BD19FB8383003B8124 /* AudioToolbox.framework */ = {isa = PBXFileReference; lastKnownFileType = wrapper.framework; name = AudioToolbox.framework; path = System/Library/Frameworks/AudioToolbox.framework; sourceTree = SDKROOT; };
		8FFA19BF19FB8391003B8124 /* AVFoundation.framework */ = {isa = PBXFileReference; lastKnownFileType = wrapper.framework; name = AVFoundation.framework; path = System/Library/Frameworks/AVFoundation.framework; sourceTree = SDKROOT; };
		8FFA19C319FB83A3003B8124 /* SystemConfiguration.framework */ = {isa = PBXFileReference; lastKnownFileType = wrapper.framework; name = SystemConfiguration.framework; path = System/Library/Frameworks/SystemConfiguration.framework; sourceTree = SDKROOT; };
		8FFA19C519FB851E003B8124 /* MessageUI.framework */ = {isa = PBXFileReference; lastKnownFileType = wrapper.framework; name = MessageUI.framework; path = System/Library/Frameworks/MessageUI.framework; sourceTree = SDKROOT; };
		8FFA19C819FB858E003B8124 /* MediaPlayer.framework */ = {isa = PBXFileReference; lastKnownFileType = wrapper.framework; name = MediaPlayer.framework; path = System/Library/Frameworks/MediaPlayer.framework; sourceTree = SDKROOT; };
		8FFA19CA19FB859B003B8124 /* EventKit.framework */ = {isa = PBXFileReference; lastKnownFileType = wrapper.framework; name = EventKit.framework; path = System/Library/Frameworks/EventKit.framework; sourceTree = SDKROOT; };
		8FFA19CB19FB859B003B8124 /* EventKitUI.framework */ = {isa = PBXFileReference; lastKnownFileType = wrapper.framework; name = EventKitUI.framework; path = System/Library/Frameworks/EventKitUI.framework; sourceTree = SDKROOT; };
		8FFA19CE19FB87A7003B8124 /* CoreTelephony.framework */ = {isa = PBXFileReference; lastKnownFileType = wrapper.framework; name = CoreTelephony.framework; path = System/Library/Frameworks/CoreTelephony.framework; sourceTree = SDKROOT; };
/* End PBXFileReference section */

/* Begin PBXFrameworksBuildPhase section */
		8FFA195119FB6D1A003B8124 /* Frameworks */ = {
			isa = PBXFrameworksBuildPhase;
			buildActionMask = 2147483647;
			files = (
				8FA74B281ABE7086000DEFAC /* StoreKit.framework in Frameworks */,
				8FFA19D219FB8A82003B8124 /* iAd.framework in Frameworks */,
				8FFA19D019FB87AE003B8124 /* EventKit.framework in Frameworks */,
				8FA74B161ABE6C6C000DEFAC /* GoogleMobileAds.framework in Frameworks */,
				8FFA19D119FB87AE003B8124 /* EventKitUI.framework in Frameworks */,
				8FFA19CF19FB87A7003B8124 /* CoreTelephony.framework in Frameworks */,
				8FFA19C719FB8539003B8124 /* MessageUI.framework in Frameworks */,
				8FFA19C419FB83A3003B8124 /* SystemConfiguration.framework in Frameworks */,
				8FFA19C019FB8391003B8124 /* AVFoundation.framework in Frameworks */,
				8FFA19BE19FB8383003B8124 /* AudioToolbox.framework in Frameworks */,
				8FFA19BC19FB8356003B8124 /* AdSupport.framework in Frameworks */,
				8FFA199219FB6E85003B8124 /* UIKit.framework in Frameworks */,
				8FFA199019FB6E7F003B8124 /* CoreGraphics.framework in Frameworks */,
				8FFA198E19FB6E72003B8124 /* Foundation.framework in Frameworks */,
			);
			runOnlyForDeploymentPostprocessing = 0;
		};
		8FFA196A19FB6D1A003B8124 /* Frameworks */ = {
			isa = PBXFrameworksBuildPhase;
			buildActionMask = 2147483647;
			files = (
			);
			runOnlyForDeploymentPostprocessing = 0;
		};
/* End PBXFrameworksBuildPhase section */

/* Begin PBXGroup section */
		8FA74B171ABE6F17000DEFAC /* AirObject */ = {
			isa = PBXGroup;
			children = (
				8FA74B181ABE6F2D000DEFAC /* AirButton.h */,
				8FA74B191ABE6F2D000DEFAC /* AirButton.m */,
				8FA74B1A1ABE6F2D000DEFAC /* AirImageView.h */,
				8FA74B1B1ABE6F2D000DEFAC /* AirImageView.m */,
				8FA74B1C1ABE6F2D000DEFAC /* AirTextField.h */,
				8FA74B1D1ABE6F2D000DEFAC /* AirTextField.m */,
				8FA74B1E1ABE6F2D000DEFAC /* AirTextView.h */,
				8FA74B1F1ABE6F2D000DEFAC /* AirTextView.m */,
				8FA74B201ABE6F2D000DEFAC /* AIrView.h */,
				8FA74B211ABE6F2D000DEFAC /* AirView.m */,
			);
			name = AirObject;
			sourceTree = "<group>";
		};
		8FFA194B19FB6D1A003B8124 = {
			isa = PBXGroup;
			children = (
				8FFA199619FB82FF003B8124 /* Framework */,
				8FFA195619FB6D1A003B8124 /* ID-Checker */,
				8FFA197019FB6D1A003B8124 /* ID-CheckerTests */,
				8FFA195519FB6D1A003B8124 /* Products */,
			);
			sourceTree = "<group>";
		};
		8FFA195519FB6D1A003B8124 /* Products */ = {
			isa = PBXGroup;
			children = (
				8FFA195419FB6D1A003B8124 /* ID-Checker.app */,
				8FFA196D19FB6D1A003B8124 /* ID-CheckerTests.xctest */,
			);
			name = Products;
			sourceTree = "<group>";
		};
		8FFA195619FB6D1A003B8124 /* ID-Checker */ = {
			isa = PBXGroup;
			children = (
				8FA74B171ABE6F17000DEFAC /* AirObject */,
				8FFA198519FB6DCB003B8124 /* Main.storyboard */,
				8FFA197D19FB6D46003B8124 /* HK.plist */,
				8FFA197E19FB6D46003B8124 /* CN.plist */,
				8FFA197F19FB6D46003B8124 /* TW.plist */,
				8FFA198019FB6D46003B8124 /* countryList.plist */,
				8FFA195B19FB6D1A003B8124 /* AppDelegate.h */,
				8FFA195C19FB6D1A003B8124 /* AppDelegate.m */,
				8FFA198719FB6E07003B8124 /* MenuViewController.h */,
				8FFA198819FB6E07003B8124 /* MenuViewController.m */,
				8FFA198919FB6E07003B8124 /* ContentViewController.h */,
				8FFA198A19FB6E07003B8124 /* ContentViewController.m */,
				8FFA196419FB6D1A003B8124 /* Images.xcassets */,
				8FFA195719FB6D1A003B8124 /* Supporting Files */,
				8FA74B291ABE710E000DEFAC /* MainCollectionViewCell.h */,
				8FA74B2A1ABE710E000DEFAC /* MainCollectionViewCell.m */,
			);
			path = "ID-Checker";
			sourceTree = "<group>";
		};
		8FFA195719FB6D1A003B8124 /* Supporting Files */ = {
			isa = PBXGroup;
			children = (
				8FFA195819FB6D1A003B8124 /* Info.plist */,
				8FFA195919FB6D1A003B8124 /* main.m */,
			);
			name = "Supporting Files";
			sourceTree = "<group>";
		};
		8FFA197019FB6D1A003B8124 /* ID-CheckerTests */ = {
			isa = PBXGroup;
			children = (
				8FFA197319FB6D1A003B8124 /* ID_CheckerTests.m */,
				8FFA197119FB6D1A003B8124 /* Supporting Files */,
			);
			path = "ID-CheckerTests";
			sourceTree = "<group>";
		};
		8FFA197119FB6D1A003B8124 /* Supporting Files */ = {
			isa = PBXGroup;
			children = (
				8FFA197219FB6D1A003B8124 /* Info.plist */,
			);
			name = "Supporting Files";
			sourceTree = "<group>";
		};
		8FFA199619FB82FF003B8124 /* Framework */ = {
			isa = PBXGroup;
			children = (
				8FA74B271ABE7086000DEFAC /* StoreKit.framework */,
				8FA74B151ABE6C6C000DEFAC /* GoogleMobileAds.framework */,
				8FFA19CE19FB87A7003B8124 /* CoreTelephony.framework */,
				8FFA19CA19FB859B003B8124 /* EventKit.framework */,
				8FFA19CB19FB859B003B8124 /* EventKitUI.framework */,
				8FFA19C819FB858E003B8124 /* MediaPlayer.framework */,
				8FFA19C519FB851E003B8124 /* MessageUI.framework */,
				8FFA19C319FB83A3003B8124 /* SystemConfiguration.framework */,
				8FFA19BF19FB8391003B8124 /* AVFoundation.framework */,
				8FFA19BD19FB8383003B8124 /* AudioToolbox.framework */,
				8FFA19BB19FB8356003B8124 /* AdSupport.framework */,
				8FFA199319FB6E8D003B8124 /* iAd.framework */,
				8FFA199119FB6E85003B8124 /* UIKit.framework */,
				8FFA198F19FB6E7F003B8124 /* CoreGraphics.framework */,
				8FFA198D19FB6E72003B8124 /* Foundation.framework */,
			);
			name = Framework;
			sourceTree = "<group>";
		};
/* End PBXGroup section */

/* Begin PBXNativeTarget section */
		8FFA195319FB6D1A003B8124 /* ID-Checker */ = {
			isa = PBXNativeTarget;
			buildConfigurationList = 8FFA197719FB6D1A003B8124 /* Build configuration list for PBXNativeTarget "ID-Checker" */;
			buildPhases = (
				8FFA195019FB6D1A003B8124 /* Sources */,
				8FFA195119FB6D1A003B8124 /* Frameworks */,
				8FFA195219FB6D1A003B8124 /* Resources */,
				8FFA199519FB6EFF003B8124 /* ShellScript */,
			);
			buildRules = (
			);
			dependencies = (
			);
			name = "ID-Checker";
			productName = "ID-Checker";
			productReference = 8FFA195419FB6D1A003B8124 /* ID-Checker.app */;
			productType = "com.apple.product-type.application";
		};
		8FFA196C19FB6D1A003B8124 /* ID-CheckerTests */ = {
			isa = PBXNativeTarget;
			buildConfigurationList = 8FFA197A19FB6D1A003B8124 /* Build configuration list for PBXNativeTarget "ID-CheckerTests" */;
			buildPhases = (
				8FFA196919FB6D1A003B8124 /* Sources */,
				8FFA196A19FB6D1A003B8124 /* Frameworks */,
				8FFA196B19FB6D1A003B8124 /* Resources */,
			);
			buildRules = (
			);
			dependencies = (
				8FFA196F19FB6D1A003B8124 /* PBXTargetDependency */,
			);
			name = "ID-CheckerTests";
			productName = "ID-CheckerTests";
			productReference = 8FFA196D19FB6D1A003B8124 /* ID-CheckerTests.xctest */;
			productType = "com.apple.product-type.bundle.unit-test";
		};
/* End PBXNativeTarget section */

/* Begin PBXProject section */
		8FFA194C19FB6D1A003B8124 /* Project object */ = {
			isa = PBXProject;
			attributes = {
				LastUpgradeCheck = 0620;
				ORGANIZATIONNAME = aircon;
				TargetAttributes = {
					8FFA195319FB6D1A003B8124 = {
						CreatedOnToolsVersion = 6.1;
						DevelopmentTeam = 2K5477L82X;
						SystemCapabilities = {
							com.apple.InAppPurchase = {
								enabled = 0;
							};
						};
					};
					8FFA196C19FB6D1A003B8124 = {
						CreatedOnToolsVersion = 6.1;
						TestTargetID = 8FFA195319FB6D1A003B8124;
					};
				};
			};
			buildConfigurationList = 8FFA194F19FB6D1A003B8124 /* Build configuration list for PBXProject "ID-Checker" */;
			compatibilityVersion = "Xcode 3.2";
			developmentRegion = English;
			hasScannedForEncodings = 0;
			knownRegions = (
			);
			mainGroup = 8FFA194B19FB6D1A003B8124;
			productRefGroup = 8FFA195519FB6D1A003B8124 /* Products */;
			projectDirPath = "";
			projectRoot = "";
			targets = (
				8FFA195319FB6D1A003B8124 /* ID-Checker */,
				8FFA196C19FB6D1A003B8124 /* ID-CheckerTests */,
			);
		};
/* End PBXProject section */

/* Begin PBXResourcesBuildPhase section */
		8FFA195219FB6D1A003B8124 /* Resources */ = {
			isa = PBXResourcesBuildPhase;
			buildActionMask = 2147483647;
			files = (
				8FFA198419FB6D46003B8124 /* countryList.plist in Resources */,
				8FFA198319FB6D46003B8124 /* TW.plist in Resources */,
				8FFA198619FB6DCB003B8124 /* Main.storyboard in Resources */,
				8FFA198119FB6D46003B8124 /* HK.plist in Resources */,
				8FFA196519FB6D1A003B8124 /* Images.xcassets in Resources */,
				8FFA198219FB6D46003B8124 /* CN.plist in Resources */,
			);
			runOnlyForDeploymentPostprocessing = 0;
		};
		8FFA196B19FB6D1A003B8124 /* Resources */ = {
			isa = PBXResourcesBuildPhase;
			buildActionMask = 2147483647;
			files = (
			);
			runOnlyForDeploymentPostprocessing = 0;
		};
/* End PBXResourcesBuildPhase section */

/* Begin PBXShellScriptBuildPhase section */
		8FFA199519FB6EFF003B8124 /* ShellScript */ = {
			isa = PBXShellScriptBuildPhase;
			buildActionMask = 2147483647;
			files = (
			);
			inputPaths = (
			);
			outputPaths = (
			);
			runOnlyForDeploymentPostprocessing = 0;
			shellPath = /bin/sh;
			shellScript = "#!/bin/bash\nbuildNumber=$(/usr/libexec/PlistBuddy -c \"Print CFBundleVersion\" \"$INFOPLIST_FILE\")\nbuildNumber=$(($buildNumber + 1))\n/usr/libexec/PlistBuddy -c \"Set :CFBundleVersion $buildNumber\" \"$INFOPLIST_FILE\"";
		};
/* End PBXShellScriptBuildPhase section */

/* Begin PBXSourcesBuildPhase section */
		8FFA195019FB6D1A003B8124 /* Sources */ = {
			isa = PBXSourcesBuildPhase;
			buildActionMask = 2147483647;
			files = (
				8FFA198C19FB6E07003B8124 /* ContentViewController.m in Sources */,
				8FA74B251ABE6F2D000DEFAC /* AirTextView.m in Sources */,
				8FA74B2B1ABE710E000DEFAC /* MainCollectionViewCell.m in Sources */,
				8FA74B221ABE6F2D000DEFAC /* AirButton.m in Sources */,
				8FFA195D19FB6D1A003B8124 /* AppDelegate.m in Sources */,
				8FFA195A19FB6D1A003B8124 /* main.m in Sources */,
				8FFA198B19FB6E07003B8124 /* MenuViewController.m in Sources */,
				8FA74B261ABE6F2D000DEFAC /* AirView.m in Sources */,
				8FA74B241ABE6F2D000DEFAC /* AirTextField.m in Sources */,
				8FA74B231ABE6F2D000DEFAC /* AirImageView.m in Sources */,
			);
			runOnlyForDeploymentPostprocessing = 0;
		};
		8FFA196919FB6D1A003B8124 /* Sources */ = {
			isa = PBXSourcesBuildPhase;
			buildActionMask = 2147483647;
			files = (
				8FFA197419FB6D1A003B8124 /* ID_CheckerTests.m in Sources */,
			);
			runOnlyForDeploymentPostprocessing = 0;
		};
/* End PBXSourcesBuildPhase section */

/* Begin PBXTargetDependency section */
		8FFA196F19FB6D1A003B8124 /* PBXTargetDependency */ = {
			isa = PBXTargetDependency;
			target = 8FFA195319FB6D1A003B8124 /* ID-Checker */;
			targetProxy = 8FFA196E19FB6D1A003B8124 /* PBXContainerItemProxy */;
		};
/* End PBXTargetDependency section */

/* Begin XCBuildConfiguration section */
		8FFA197519FB6D1A003B8124 /* Debug */ = {
			isa = XCBuildConfiguration;
			buildSettings = {
				ALWAYS_SEARCH_USER_PATHS = NO;
				CLANG_CXX_LANGUAGE_STANDARD = "gnu++0x";
				CLANG_CXX_LIBRARY = "libc++";
				CLANG_ENABLE_MODULES = YES;
				CLANG_ENABLE_OBJC_ARC = YES;
				CLANG_WARN_BOOL_CONVERSION = YES;
				CLANG_WARN_CONSTANT_CONVERSION = YES;
				CLANG_WARN_DIRECT_OBJC_ISA_USAGE = YES_ERROR;
				CLANG_WARN_EMPTY_BODY = YES;
				CLANG_WARN_ENUM_CONVERSION = YES;
				CLANG_WARN_INT_CONVERSION = YES;
				CLANG_WARN_OBJC_ROOT_CLASS = YES_ERROR;
				CLANG_WARN_UNREACHABLE_CODE = YES;
				CLANG_WARN__DUPLICATE_METHOD_MATCH = YES;
				"CODE_SIGN_IDENTITY[sdk=iphoneos*]" = "iPhone Developer";
				COPY_PHASE_STRIP = NO;
				ENABLE_STRICT_OBJC_MSGSEND = YES;
				GCC_C_LANGUAGE_STANDARD = gnu99;
				GCC_DYNAMIC_NO_PIC = NO;
				GCC_OPTIMIZATION_LEVEL = 0;
				GCC_PREPROCESSOR_DEFINITIONS = (
					"DEBUG=1",
					"$(inherited)",
				);
				GCC_SYMBOLS_PRIVATE_EXTERN = NO;
				GCC_WARN_64_TO_32_BIT_CONVERSION = YES;
				GCC_WARN_ABOUT_RETURN_TYPE = YES_ERROR;
				GCC_WARN_UNDECLARED_SELECTOR = YES;
				GCC_WARN_UNINITIALIZED_AUTOS = YES_AGGRESSIVE;
				GCC_WARN_UNUSED_FUNCTION = YES;
				GCC_WARN_UNUSED_VARIABLE = YES;
				IPHONEOS_DEPLOYMENT_TARGET = 7.1;
				MTL_ENABLE_DEBUG_INFO = YES;
				ONLY_ACTIVE_ARCH = YES;
				SDKROOT = iphoneos;
			};
			name = Debug;
		};
		8FFA197619FB6D1A003B8124 /* Release */ = {
			isa = XCBuildConfiguration;
			buildSettings = {
				ALWAYS_SEARCH_USER_PATHS = NO;
				CLANG_CXX_LANGUAGE_STANDARD = "gnu++0x";
				CLANG_CXX_LIBRARY = "libc++";
				CLANG_ENABLE_MODULES = YES;
				CLANG_ENABLE_OBJC_ARC = YES;
				CLANG_WARN_BOOL_CONVERSION = YES;
				CLANG_WARN_CONSTANT_CONVERSION = YES;
				CLANG_WARN_DIRECT_OBJC_ISA_USAGE = YES_ERROR;
				CLANG_WARN_EMPTY_BODY = YES;
				CLANG_WARN_ENUM_CONVERSION = YES;
				CLANG_WARN_INT_CONVERSION = YES;
				CLANG_WARN_OBJC_ROOT_CLASS = YES_ERROR;
				CLANG_WARN_UNREACHABLE_CODE = YES;
				CLANG_WARN__DUPLICATE_METHOD_MATCH = YES;
				"CODE_SIGN_IDENTITY[sdk=iphoneos*]" = "iPhone Developer";
				COPY_PHASE_STRIP = YES;
				ENABLE_NS_ASSERTIONS = NO;
				ENABLE_STRICT_OBJC_MSGSEND = YES;
				GCC_C_LANGUAGE_STANDARD = gnu99;
				GCC_WARN_64_TO_32_BIT_CONVERSION = YES;
				GCC_WARN_ABOUT_RETURN_TYPE = YES_ERROR;
				GCC_WARN_UNDECLARED_SELECTOR = YES;
				GCC_WARN_UNINITIALIZED_AUTOS = YES_AGGRESSIVE;
				GCC_WARN_UNUSED_FUNCTION = YES;
				GCC_WARN_UNUSED_VARIABLE = YES;
				IPHONEOS_DEPLOYMENT_TARGET = 7.1;
				MTL_ENABLE_DEBUG_INFO = NO;
				SDKROOT = iphoneos;
				VALIDATE_PRODUCT = YES;
			};
			name = Release;
		};
		8FFA197819FB6D1A003B8124 /* Debug */ = {
			isa = XCBuildConfiguration;
			buildSettings = {
				ASSETCATALOG_COMPILER_APPICON_NAME = AppIcon;
				ASSETCATALOG_COMPILER_LAUNCHIMAGE_NAME = LaunchImage;
				CODE_SIGN_IDENTITY = "iPhone Developer";
				"CODE_SIGN_IDENTITY[sdk=iphoneos*]" = "iPhone Developer";
				FRAMEWORK_SEARCH_PATHS = (
					"$(inherited)",
					"$(PROJECT_DIR)",
				);
				INFOPLIST_FILE = "ID-Checker/Info.plist";
				IPHONEOS_DEPLOYMENT_TARGET = 7.0;
				LD_RUNPATH_SEARCH_PATHS = "$(inherited) @executable_path/Frameworks";
				LIBRARY_SEARCH_PATHS = (
					"$(inherited)",
					"$(PROJECT_DIR)",
				);
				OTHER_LDFLAGS = "-ObjC ";
				PRODUCT_NAME = "$(TARGET_NAME)";
				PROVISIONING_PROFILE = "";
				VALID_ARCHS = "armv7 armv7s arm64";
			};
			name = Debug;
		};
		8FFA197919FB6D1A003B8124 /* Release */ = {
			isa = XCBuildConfiguration;
			buildSettings = {
				ASSETCATALOG_COMPILER_APPICON_NAME = AppIcon;
				ASSETCATALOG_COMPILER_LAUNCHIMAGE_NAME = LaunchImage;
				CODE_SIGN_IDENTITY = "iPhone Developer";
				"CODE_SIGN_IDENTITY[sdk=iphoneos*]" = "iPhone Developer";
				FRAMEWORK_SEARCH_PATHS = (
					"$(inherited)",
					"$(PROJECT_DIR)",
				);
				INFOPLIST_FILE = "ID-Checker/Info.plist";
				IPHONEOS_DEPLOYMENT_TARGET = 7.0;
				LD_RUNPATH_SEARCH_PATHS = "$(inherited) @executable_path/Frameworks";
				LIBRARY_SEARCH_PATHS = (
					"$(inherited)",
					"$(PROJECT_DIR)",
				);
				OTHER_LDFLAGS = "-ObjC ";
				PRODUCT_NAME = "$(TARGET_NAME)";
				PROVISIONING_PROFILE = "";
				VALID_ARCHS = "armv7 armv7s arm64";
			};
			name = Release;
		};
		8FFA197B19FB6D1A003B8124 /* Debug */ = {
			isa = XCBuildConfiguration;
			buildSettings = {
				BUNDLE_LOADER = "$(TEST_HOST)";
				FRAMEWORK_SEARCH_PATHS = (
					"$(SDKROOT)/Developer/Library/Frameworks",
					"$(inherited)",
				);
				GCC_PREPROCESSOR_DEFINITIONS = (
					"DEBUG=1",
					"$(inherited)",
				);
				INFOPLIST_FILE = "ID-CheckerTests/Info.plist";
				LD_RUNPATH_SEARCH_PATHS = "$(inherited) @executable_path/Frameworks @loader_path/Frameworks";
				PRODUCT_NAME = "$(TARGET_NAME)";
				TEST_HOST = "$(BUILT_PRODUCTS_DIR)/ID-Checker.app/ID-Checker";
			};
			name = Debug;
		};
		8FFA197C19FB6D1A003B8124 /* Release */ = {
			isa = XCBuildConfiguration;
			buildSettings = {
				BUNDLE_LOADER = "$(TEST_HOST)";
				FRAMEWORK_SEARCH_PATHS = (
					"$(SDKROOT)/Developer/Library/Frameworks",
					"$(inherited)",
				);
				INFOPLIST_FILE = "ID-CheckerTests/Info.plist";
				LD_RUNPATH_SEARCH_PATHS = "$(inherited) @executable_path/Frameworks @loader_path/Frameworks";
				PRODUCT_NAME = "$(TARGET_NAME)";
				TEST_HOST = "$(BUILT_PRODUCTS_DIR)/ID-Checker.app/ID-Checker";
			};
			name = Release;
		};
/* End XCBuildConfiguration section */

/* Begin XCConfigurationList section */
		8FFA194F19FB6D1A003B8124 /* Build configuration list for PBXProject "ID-Checker" */ = {
			isa = XCConfigurationList;
			buildConfigurations = (
				8FFA197519FB6D1A003B8124 /* Debug */,
				8FFA197619FB6D1A003B8124 /* Release */,
			);
			defaultConfigurationIsVisible = 0;
			defaultConfigurationName = Release;
		};
		8FFA197719FB6D1A003B8124 /* Build configuration list for PBXNativeTarget "ID-Checker" */ = {
			isa = XCConfigurationList;
			buildConfigurations = (
				8FFA197819FB6D1A003B8124 /* Debug */,
				8FFA197919FB6D1A003B8124 /* Release */,
			);
			defaultConfigurationIsVisible = 0;
			defaultConfigurationName = Release;
		};
		8FFA197A19FB6D1A003B8124 /* Build configuration list for PBXNativeTarget "ID-CheckerTests" */ = {
			isa = XCConfigurationList;
			buildConfigurations = (
				8FFA197B19FB6D1A003B8124 /* Debug */,
				8FFA197C19FB6D1A003B8124 /* Release */,
			);
			defaultConfigurationIsVisible = 0;
			defaultConfigurationName = Release;
		};
/* End XCConfigurationList section */
	};
	rootObject = 8FFA194C19FB6D1A003B8124 /* Project object */;
}
